
Microsoft Visual Studio Solution File, Format Version 12.00
# Visual Studio Version 17
VisualStudioVersion = 17.0.32014.148
MinimumVisualStudioVersion = 10.0.40219.1
Project("{FAE04EC0-301F-11D3-BF4B-00C04F79EFBC}") = "CryptoFun", "CryptoFun\CryptoFun.csproj", "{B3337C43-F3CA-4215-BC8C-A4CBE97B764D}"
EndProject
Project("{FAE04EC0-301F-11D3-BF4B-00C04F79EFBC}") = "CryptoLib", "CryptoLib\CryptoLib.csproj", "{3B9BC604-DD25-47EF-8318-0C7C5DFEBE4B}"
EndProject
Global
	GlobalSection(SolutionConfigurationPlatforms) = preSolution
		Debug|Any CPU = Debug|Any CPU
		Release|Any CPU = Release|Any CPU
	EndGlobalSection
	GlobalSection(ProjectConfigurationPlatforms) = postSolution
		{B3337C43-F3CA-4215-BC8C-A4CBE97B764D}.Debug|Any CPU.ActiveCfg = Debug|Any CPU
		{B3337C43-F3CA-4215-BC8C-A4CBE97B764D}.Debug|Any CPU.Build.0 = Debug|Any CPU
		{B3337C43-F3CA-4215-BC8C-A4CBE97B764D}.Release|Any CPU.ActiveCfg = Release|Any CPU
		{B3337C43-F3CA-4215-BC8C-A4CBE97B764D}.Release|Any CPU.Build.0 = Release|Any CPU
		{3B9BC604-DD25-47EF-8318-0C7C5DFEBE4B}.Debug|Any CPU.ActiveCfg = Debug|Any CPU
		{3B9BC604-DD25-47EF-8318-0C7C5DFEBE4B}.Debug|Any CPU.Build.0 = Debug|Any CPU
		{3B9BC604-DD25-47EF-8318-0C7C5DFEBE4B}.Release|Any CPU.ActiveCfg = Release|Any CPU
		{3B9BC604-DD25-47EF-8318-0C7C5DFEBE4B}.Release|Any CPU.Build.0 = Release|Any CPU
	EndGlobalSection
	GlobalSection(SolutionProperties) = preSolution
		HideSolutionNode = FALSE
	EndGlobalSection
	GlobalSection(ExtensibilityGlobals) = postSolution
		SolutionGuid = {2D8FB37F-051E-4D72-9F97-A57E3D5BFAB6}
	EndGlobalSection
EndGlobal
